
Microsoft Visual Studio Solution File, Format Version 12.00
# Visual Studio Version 17
VisualStudioVersion = 17.14.36221.1
MinimumVisualStudioVersion = 10.0.40219.1
Project("{FAE04EC0-301F-11D3-BF4B-00C04F79EFBC}") = "IronTrackApp", "IronTrackApp\IronTrackApp.csproj", "{05F20978-0BD1-4584-901F-64D3388EAC63}"
EndProject
Project("{2150E333-8FDC-42A3-9474-1A3956D46DE8}") = "src", "src", "{02EA681E-C7D8-13C7-8484-4AC65E1B71E8}"
EndProject
Project("{2150E333-8FDC-42A3-9474-1A3956D46DE8}") = "test", "test", "{F03617D3-6394-4898-98D2-35A8792ECB03}"
EndProject
Project("{2150E333-8FDC-42A3-9474-1A3956D46DE8}") = "Core", "Core", "{609EF36C-AFFF-4D4A-9470-F435093BF1EB}"
EndProject
Project("{2150E333-8FDC-42A3-9474-1A3956D46DE8}") = "Infrastructure", "Infrastructure", "{D6C87300-D24F-4758-B4F6-30592F926E9F}"
EndProject
Project("{2150E333-8FDC-42A3-9474-1A3956D46DE8}") = "API", "API", "{BCFDE148-1DEE-447E-B088-5AADC7C2811D}"
EndProject
Project("{2150E333-8FDC-42A3-9474-1A3956D46DE8}") = "UI", "UI", "{CCEE2F1E-B0F1-4675-8BC3-CFBB0D429D4A}"
EndProject
Project("{FAE04EC0-301F-11D3-BF4B-00C04F79EFBC}") = "IronTrack.Domain", "IronTrack.Domain\IronTrack.Domain.csproj", "{0E7A81BC-4D29-4E83-B7D4-F7E9B815F49F}"
EndProject
Project("{FAE04EC0-301F-11D3-BF4B-00C04F79EFBC}") = "IronTrack.Application", "IronTrack.Application\IronTrack.Application.csproj", "{105D3527-4860-42A1-857C-DE8554B21820}"
EndProject
Global
	GlobalSection(SolutionConfigurationPlatforms) = preSolution
		Debug|Any CPU = Debug|Any CPU
		Release|Any CPU = Release|Any CPU
	EndGlobalSection
	GlobalSection(ProjectConfigurationPlatforms) = postSolution
		{05F20978-0BD1-4584-901F-64D3388EAC63}.Debug|Any CPU.ActiveCfg = Debug|Any CPU
		{05F20978-0BD1-4584-901F-64D3388EAC63}.Debug|Any CPU.Build.0 = Debug|Any CPU
		{05F20978-0BD1-4584-901F-64D3388EAC63}.Release|Any CPU.ActiveCfg = Release|Any CPU
		{05F20978-0BD1-4584-901F-64D3388EAC63}.Release|Any CPU.Build.0 = Release|Any CPU
		{0E7A81BC-4D29-4E83-B7D4-F7E9B815F49F}.Debug|Any CPU.ActiveCfg = Debug|Any CPU
		{0E7A81BC-4D29-4E83-B7D4-F7E9B815F49F}.Debug|Any CPU.Build.0 = Debug|Any CPU
		{0E7A81BC-4D29-4E83-B7D4-F7E9B815F49F}.Release|Any CPU.ActiveCfg = Release|Any CPU
		{0E7A81BC-4D29-4E83-B7D4-F7E9B815F49F}.Release|Any CPU.Build.0 = Release|Any CPU
		{105D3527-4860-42A1-857C-DE8554B21820}.Debug|Any CPU.ActiveCfg = Debug|Any CPU
		{105D3527-4860-42A1-857C-DE8554B21820}.Debug|Any CPU.Build.0 = Debug|Any CPU
		{105D3527-4860-42A1-857C-DE8554B21820}.Release|Any CPU.ActiveCfg = Release|Any CPU
		{105D3527-4860-42A1-857C-DE8554B21820}.Release|Any CPU.Build.0 = Release|Any CPU
	EndGlobalSection
	GlobalSection(SolutionProperties) = preSolution
		HideSolutionNode = FALSE
	EndGlobalSection
	GlobalSection(NestedProjects) = preSolution
		{609EF36C-AFFF-4D4A-9470-F435093BF1EB} = {02EA681E-C7D8-13C7-8484-4AC65E1B71E8}
		{D6C87300-D24F-4758-B4F6-30592F926E9F} = {02EA681E-C7D8-13C7-8484-4AC65E1B71E8}
		{BCFDE148-1DEE-447E-B088-5AADC7C2811D} = {02EA681E-C7D8-13C7-8484-4AC65E1B71E8}
		{CCEE2F1E-B0F1-4675-8BC3-CFBB0D429D4A} = {02EA681E-C7D8-13C7-8484-4AC65E1B71E8}
		{0E7A81BC-4D29-4E83-B7D4-F7E9B815F49F} = {609EF36C-AFFF-4D4A-9470-F435093BF1EB}
		{105D3527-4860-42A1-857C-DE8554B21820} = {609EF36C-AFFF-4D4A-9470-F435093BF1EB}
	EndGlobalSection
	GlobalSection(ExtensibilityGlobals) = postSolution
		SolutionGuid = {6F3B7D88-EC3C-4ADE-B2F4-EC6B5C973135}
	EndGlobalSection
EndGlobal
